// !$*UTF8*$!
{
	archiveVersion = 1;
	classes = {
	};
	objectVersion = 50;
	objects = {

/* Begin PBXBuildFile section */
		3062A9D12290970A000B5807 /* main.cpp in Sources */ = {isa = PBXBuildFile; fileRef = 3062A9D02290970A000B5807 /* main.cpp */; };
		3062A9DC229097DA000B5807 /* University.cpp in Sources */ = {isa = PBXBuildFile; fileRef = 3062A9DA229097DA000B5807 /* University.cpp */; };
		3062A9DF229098A5000B5807 /* Human.cpp in Sources */ = {isa = PBXBuildFile; fileRef = 3062A9DD229098A5000B5807 /* Human.cpp */; };
		3062A9E322909EC0000B5807 /* RecordBook.cpp in Sources */ = {isa = PBXBuildFile; fileRef = 3062A9E122909EC0000B5807 /* RecordBook.cpp */; };
		3062A9E622909ECE000B5807 /* Profession.cpp in Sources */ = {isa = PBXBuildFile; fileRef = 3062A9E422909ECE000B5807 /* Profession.cpp */; };
		3062A9E922909ED8000B5807 /* Student.cpp in Sources */ = {isa = PBXBuildFile; fileRef = 3062A9E722909ED8000B5807 /* Student.cpp */; };
		3062A9EC22909EF5000B5807 /* Worker.cpp in Sources */ = {isa = PBXBuildFile; fileRef = 3062A9EA22909EF5000B5807 /* Worker.cpp */; };
		3062A9EF22909F0E000B5807 /* Teacher.cpp in Sources */ = {isa = PBXBuildFile; fileRef = 3062A9ED22909F0E000B5807 /* Teacher.cpp */; };
		30713234229495DC00ECAB50 /* test_Worker.cpp in Sources */ = {isa = PBXBuildFile; fileRef = 30713232229495DC00ECAB50 /* test_Worker.cpp */; };
		307132372294A1D900ECAB50 /* test_RecordBook.cpp in Sources */ = {isa = PBXBuildFile; fileRef = 307132352294A1D900ECAB50 /* test_RecordBook.cpp */; };
		3071323A2294A1E900ECAB50 /* test_Profession.cpp in Sources */ = {isa = PBXBuildFile; fileRef = 307132382294A1E900ECAB50 /* test_Profession.cpp */; };
		3071323D2294A1F300ECAB50 /* test_Student.cpp in Sources */ = {isa = PBXBuildFile; fileRef = 3071323B2294A1F300ECAB50 /* test_Student.cpp */; };
		307132402294A1FC00ECAB50 /* test_Teacher.cpp in Sources */ = {isa = PBXBuildFile; fileRef = 3071323E2294A1FC00ECAB50 /* test_Teacher.cpp */; };
		307132432294A4BD00ECAB50 /* tests.cpp in Sources */ = {isa = PBXBuildFile; fileRef = 307132412294A4BD00ECAB50 /* tests.cpp */; };
/* End PBXBuildFile section */

/* Begin PBXCopyFilesBuildPhase section */
		3062A9CB2290970A000B5807 /* CopyFiles */ = {
			isa = PBXCopyFilesBuildPhase;
			buildActionMask = 2147483647;
			dstPath = /usr/share/man/man1/;
			dstSubfolderSpec = 0;
			files = (
			);
			runOnlyForDeploymentPostprocessing = 1;
		};
/* End PBXCopyFilesBuildPhase section */

/* Begin PBXFileReference section */
		30527FF422988877002BFCF5 /* workers_input.txt */ = {isa = PBXFileReference; lastKnownFileType = text; path = workers_input.txt; sourceTree = "<group>"; };
		30527FF52298888D002BFCF5 /* teachers_input.txt */ = {isa = PBXFileReference; lastKnownFileType = text; path = teachers_input.txt; sourceTree = "<group>"; };
		30527FF62298889F002BFCF5 /* students_input.txt */ = {isa = PBXFileReference; lastKnownFileType = text; path = students_input.txt; sourceTree = "<group>"; };
		30527FF822989C54002BFCF5 /* README.txt */ = {isa = PBXFileReference; lastKnownFileType = text; path = README.txt; sourceTree = "<group>"; };
		30527FF922997756002BFCF5 /* output.txt */ = {isa = PBXFileReference; lastKnownFileType = text; path = output.txt; sourceTree = "<group>"; };
		30527FFA229985DE002BFCF5 /* logs.txt */ = {isa = PBXFileReference; lastKnownFileType = text; path = logs.txt; sourceTree = "<group>"; };
		3062A9CD2290970A000B5807 /* University_Polishchenko */ = {isa = PBXFileReference; explicitFileType = "compiled.mach-o.executable"; includeInIndex = 0; path = University_Polishchenko; sourceTree = BUILT_PRODUCTS_DIR; };
		3062A9D02290970A000B5807 /* main.cpp */ = {isa = PBXFileReference; lastKnownFileType = sourcecode.cpp.cpp; path = main.cpp; sourceTree = "<group>"; };
		3062A9DA229097DA000B5807 /* University.cpp */ = {isa = PBXFileReference; lastKnownFileType = sourcecode.cpp.cpp; path = University.cpp; sourceTree = "<group>"; };
		3062A9DB229097DA000B5807 /* University.hpp */ = {isa = PBXFileReference; lastKnownFileType = sourcecode.cpp.h; path = University.hpp; sourceTree = "<group>"; };
		3062A9DD229098A5000B5807 /* Human.cpp */ = {isa = PBXFileReference; lastKnownFileType = sourcecode.cpp.cpp; path = Human.cpp; sourceTree = "<group>"; };
		3062A9DE229098A5000B5807 /* Human.hpp */ = {isa = PBXFileReference; lastKnownFileType = sourcecode.cpp.h; path = Human.hpp; sourceTree = "<group>"; };
		3062A9E122909EC0000B5807 /* RecordBook.cpp */ = {isa = PBXFileReference; lastKnownFileType = sourcecode.cpp.cpp; path = RecordBook.cpp; sourceTree = "<group>"; };
		3062A9E222909EC0000B5807 /* RecordBook.hpp */ = {isa = PBXFileReference; lastKnownFileType = sourcecode.cpp.h; path = RecordBook.hpp; sourceTree = "<group>"; };
		3062A9E422909ECE000B5807 /* Profession.cpp */ = {isa = PBXFileReference; lastKnownFileType = sourcecode.cpp.cpp; path = Profession.cpp; sourceTree = "<group>"; };
		3062A9E522909ECE000B5807 /* Profession.hpp */ = {isa = PBXFileReference; lastKnownFileType = sourcecode.cpp.h; path = Profession.hpp; sourceTree = "<group>"; };
		3062A9E722909ED8000B5807 /* Student.cpp */ = {isa = PBXFileReference; lastKnownFileType = sourcecode.cpp.cpp; path = Student.cpp; sourceTree = "<group>"; };
		3062A9E822909ED8000B5807 /* Student.hpp */ = {isa = PBXFileReference; lastKnownFileType = sourcecode.cpp.h; path = Student.hpp; sourceTree = "<group>"; };
		3062A9EA22909EF5000B5807 /* Worker.cpp */ = {isa = PBXFileReference; lastKnownFileType = sourcecode.cpp.cpp; path = Worker.cpp; sourceTree = "<group>"; };
		3062A9EB22909EF5000B5807 /* Worker.hpp */ = {isa = PBXFileReference; lastKnownFileType = sourcecode.cpp.h; path = Worker.hpp; sourceTree = "<group>"; };
		3062A9ED22909F0E000B5807 /* Teacher.cpp */ = {isa = PBXFileReference; lastKnownFileType = sourcecode.cpp.cpp; path = Teacher.cpp; sourceTree = "<group>"; };
		3062A9EE22909F0E000B5807 /* Teacher.hpp */ = {isa = PBXFileReference; lastKnownFileType = sourcecode.cpp.h; path = Teacher.hpp; sourceTree = "<group>"; };
		30713232229495DC00ECAB50 /* test_Worker.cpp */ = {isa = PBXFileReference; lastKnownFileType = sourcecode.cpp.cpp; path = test_Worker.cpp; sourceTree = "<group>"; };
		30713233229495DC00ECAB50 /* test_Worker.hpp */ = {isa = PBXFileReference; lastKnownFileType = sourcecode.cpp.h; path = test_Worker.hpp; sourceTree = "<group>"; };
		307132352294A1D900ECAB50 /* test_RecordBook.cpp */ = {isa = PBXFileReference; lastKnownFileType = sourcecode.cpp.cpp; path = test_RecordBook.cpp; sourceTree = "<group>"; };
		307132362294A1D900ECAB50 /* test_RecordBook.hpp */ = {isa = PBXFileReference; lastKnownFileType = sourcecode.cpp.h; path = test_RecordBook.hpp; sourceTree = "<group>"; };
		307132382294A1E900ECAB50 /* test_Profession.cpp */ = {isa = PBXFileReference; lastKnownFileType = sourcecode.cpp.cpp; path = test_Profession.cpp; sourceTree = "<group>"; };
		307132392294A1E900ECAB50 /* test_Profession.hpp */ = {isa = PBXFileReference; lastKnownFileType = sourcecode.cpp.h; path = test_Profession.hpp; sourceTree = "<group>"; };
		3071323B2294A1F300ECAB50 /* test_Student.cpp */ = {isa = PBXFileReference; lastKnownFileType = sourcecode.cpp.cpp; path = test_Student.cpp; sourceTree = "<group>"; };
		3071323C2294A1F300ECAB50 /* test_Student.hpp */ = {isa = PBXFileReference; lastKnownFileType = sourcecode.cpp.h; path = test_Student.hpp; sourceTree = "<group>"; };
		3071323E2294A1FC00ECAB50 /* test_Teacher.cpp */ = {isa = PBXFileReference; lastKnownFileType = sourcecode.cpp.cpp; path = test_Teacher.cpp; sourceTree = "<group>"; };
		3071323F2294A1FC00ECAB50 /* test_Teacher.hpp */ = {isa = PBXFileReference; lastKnownFileType = sourcecode.cpp.h; path = test_Teacher.hpp; sourceTree = "<group>"; };
		307132412294A4BD00ECAB50 /* tests.cpp */ = {isa = PBXFileReference; lastKnownFileType = sourcecode.cpp.cpp; path = tests.cpp; sourceTree = "<group>"; };
		307132422294A4BD00ECAB50 /* tests.hpp */ = {isa = PBXFileReference; lastKnownFileType = sourcecode.cpp.h; path = tests.hpp; sourceTree = "<group>"; };
/* End PBXFileReference section */

/* Begin PBXFrameworksBuildPhase section */
		3062A9CA2290970A000B5807 /* Frameworks */ = {
			isa = PBXFrameworksBuildPhase;
			buildActionMask = 2147483647;
			files = (
			);
			runOnlyForDeploymentPostprocessing = 0;
		};
/* End PBXFrameworksBuildPhase section */

/* Begin PBXGroup section */
		3062A9C42290970A000B5807 = {
			isa = PBXGroup;
			children = (
				3062A9CF2290970A000B5807 /* University_Polishchenko */,
				3062A9CE2290970A000B5807 /* Products */,
			);
			sourceTree = "<group>";
		};
		3062A9CE2290970A000B5807 /* Products */ = {
			isa = PBXGroup;
			children = (
				3062A9CD2290970A000B5807 /* University_Polishchenko */,
			);
			name = Products;
			sourceTree = "<group>";
		};
		3062A9CF2290970A000B5807 /* University_Polishchenko */ = {
			isa = PBXGroup;
			children = (
				3062A9D92290977D000B5807 /* tests */,
				3062A9D722909764000B5807 /* src */,
				3062A9D02290970A000B5807 /* main.cpp */,
				30527FF422988877002BFCF5 /* workers_input.txt */,
				30527FF52298888D002BFCF5 /* teachers_input.txt */,
				30527FF62298889F002BFCF5 /* students_input.txt */,
				30527FF822989C54002BFCF5 /* README.txt */,
				30527FF922997756002BFCF5 /* output.txt */,
				30527FFA229985DE002BFCF5 /* logs.txt */,
			);
			path = University_Polishchenko;
			sourceTree = "<group>";
		};
		3062A9D722909764000B5807 /* src */ = {
			isa = PBXGroup;
			children = (
				3062A9DA229097DA000B5807 /* University.cpp */,
				3062A9DB229097DA000B5807 /* University.hpp */,
				3062A9DD229098A5000B5807 /* Human.cpp */,
				3062A9DE229098A5000B5807 /* Human.hpp */,
				3062A9E122909EC0000B5807 /* RecordBook.cpp */,
				3062A9E222909EC0000B5807 /* RecordBook.hpp */,
				3062A9E422909ECE000B5807 /* Profession.cpp */,
				3062A9E522909ECE000B5807 /* Profession.hpp */,
				3062A9E722909ED8000B5807 /* Student.cpp */,
				3062A9E822909ED8000B5807 /* Student.hpp */,
				3062A9EA22909EF5000B5807 /* Worker.cpp */,
				3062A9EB22909EF5000B5807 /* Worker.hpp */,
				3062A9ED22909F0E000B5807 /* Teacher.cpp */,
				3062A9EE22909F0E000B5807 /* Teacher.hpp */,
			);
			path = src;
			sourceTree = "<group>";
		};
		3062A9D92290977D000B5807 /* tests */ = {
			isa = PBXGroup;
			children = (
				30713232229495DC00ECAB50 /* test_Worker.cpp */,
				30713233229495DC00ECAB50 /* test_Worker.hpp */,
				307132352294A1D900ECAB50 /* test_RecordBook.cpp */,
				307132362294A1D900ECAB50 /* test_RecordBook.hpp */,
				307132382294A1E900ECAB50 /* test_Profession.cpp */,
				307132392294A1E900ECAB50 /* test_Profession.hpp */,
				3071323B2294A1F300ECAB50 /* test_Student.cpp */,
				3071323C2294A1F300ECAB50 /* test_Student.hpp */,
				3071323E2294A1FC00ECAB50 /* test_Teacher.cpp */,
				3071323F2294A1FC00ECAB50 /* test_Teacher.hpp */,
				307132412294A4BD00ECAB50 /* tests.cpp */,
				307132422294A4BD00ECAB50 /* tests.hpp */,
			);
			path = tests;
			sourceTree = "<group>";
		};
/* End PBXGroup section */

/* Begin PBXNativeTarget section */
		3062A9CC2290970A000B5807 /* University_Polishchenko */ = {
			isa = PBXNativeTarget;
			buildConfigurationList = 3062A9D42290970A000B5807 /* Build configuration list for PBXNativeTarget "University_Polishchenko" */;
			buildPhases = (
				3062A9C92290970A000B5807 /* Sources */,
				3062A9CA2290970A000B5807 /* Frameworks */,
				3062A9CB2290970A000B5807 /* CopyFiles */,
			);
			buildRules = (
			);
			dependencies = (
			);
			name = University_Polishchenko;
			productName = University_Polishchenko;
			productReference = 3062A9CD2290970A000B5807 /* University_Polishchenko */;
			productType = "com.apple.product-type.tool";
		};
/* End PBXNativeTarget section */

/* Begin PBXProject section */
		3062A9C52290970A000B5807 /* Project object */ = {
			isa = PBXProject;
			attributes = {
				LastUpgradeCheck = 1020;
				ORGANIZATIONNAME = "Roman Polishchenko";
				TargetAttributes = {
					3062A9CC2290970A000B5807 = {
						CreatedOnToolsVersion = 10.2.1;
					};
				};
			};
			buildConfigurationList = 3062A9C82290970A000B5807 /* Build configuration list for PBXProject "University_Polishchenko" */;
			compatibilityVersion = "Xcode 9.3";
			developmentRegion = en;
			hasScannedForEncodings = 0;
			knownRegions = (
				en,
			);
			mainGroup = 3062A9C42290970A000B5807;
			productRefGroup = 3062A9CE2290970A000B5807 /* Products */;
			projectDirPath = "";
			projectRoot = "";
			targets = (
				3062A9CC2290970A000B5807 /* University_Polishchenko */,
			);
		};
/* End PBXProject section */

/* Begin PBXSourcesBuildPhase section */
		3062A9C92290970A000B5807 /* Sources */ = {
			isa = PBXSourcesBuildPhase;
			buildActionMask = 2147483647;
			files = (
				3062A9EF22909F0E000B5807 /* Teacher.cpp in Sources */,
				3062A9E622909ECE000B5807 /* Profession.cpp in Sources */,
				3062A9D12290970A000B5807 /* main.cpp in Sources */,
				307132402294A1FC00ECAB50 /* test_Teacher.cpp in Sources */,
				3071323D2294A1F300ECAB50 /* test_Student.cpp in Sources */,
				3071323A2294A1E900ECAB50 /* test_Profession.cpp in Sources */,
				307132372294A1D900ECAB50 /* test_RecordBook.cpp in Sources */,
				307132432294A4BD00ECAB50 /* tests.cpp in Sources */,
				3062A9E322909EC0000B5807 /* RecordBook.cpp in Sources */,
				30713234229495DC00ECAB50 /* test_Worker.cpp in Sources */,
				3062A9E922909ED8000B5807 /* Student.cpp in Sources */,
				3062A9DC229097DA000B5807 /* University.cpp in Sources */,
				3062A9EC22909EF5000B5807 /* Worker.cpp in Sources */,
				3062A9DF229098A5000B5807 /* Human.cpp in Sources */,
			);
			runOnlyForDeploymentPostprocessing = 0;
		};
/* End PBXSourcesBuildPhase section */

/* Begin XCBuildConfiguration section */
		3062A9D22290970A000B5807 /* Debug */ = {
			isa = XCBuildConfiguration;
			buildSettings = {
				ALWAYS_SEARCH_USER_PATHS = NO;
				CLANG_ANALYZER_NONNULL = YES;
				CLANG_ANALYZER_NUMBER_OBJECT_CONVERSION = YES_AGGRESSIVE;
				CLANG_CXX_LANGUAGE_STANDARD = "gnu++14";
				CLANG_CXX_LIBRARY = "libc++";
				CLANG_ENABLE_MODULES = YES;
				CLANG_ENABLE_OBJC_ARC = YES;
				CLANG_ENABLE_OBJC_WEAK = YES;
				CLANG_WARN_BLOCK_CAPTURE_AUTORELEASING = YES;
				CLANG_WARN_BOOL_CONVERSION = YES;
				CLANG_WARN_COMMA = YES;
				CLANG_WARN_CONSTANT_CONVERSION = YES;
				CLANG_WARN_DEPRECATED_OBJC_IMPLEMENTATIONS = YES;
				CLANG_WARN_DIRECT_OBJC_ISA_USAGE = YES_ERROR;
				CLANG_WARN_DOCUMENTATION_COMMENTS = YES;
				CLANG_WARN_EMPTY_BODY = YES;
				CLANG_WARN_ENUM_CONVERSION = YES;
				CLANG_WARN_INFINITE_RECURSION = YES;
				CLANG_WARN_INT_CONVERSION = YES;
				CLANG_WARN_NON_LITERAL_NULL_CONVERSION = YES;
				CLANG_WARN_OBJC_IMPLICIT_RETAIN_SELF = YES;
				CLANG_WARN_OBJC_LITERAL_CONVERSION = YES;
				CLANG_WARN_OBJC_ROOT_CLASS = YES_ERROR;
				CLANG_WARN_RANGE_LOOP_ANALYSIS = YES;
				CLANG_WARN_STRICT_PROTOTYPES = YES;
				CLANG_WARN_SUSPICIOUS_MOVE = YES;
				CLANG_WARN_UNGUARDED_AVAILABILITY = YES_AGGRESSIVE;
				CLANG_WARN_UNREACHABLE_CODE = YES;
				CLANG_WARN__DUPLICATE_METHOD_MATCH = YES;
				CODE_SIGN_IDENTITY = "-";
				COPY_PHASE_STRIP = NO;
				DEBUG_INFORMATION_FORMAT = dwarf;
				ENABLE_STRICT_OBJC_MSGSEND = YES;
				ENABLE_TESTABILITY = YES;
				GCC_C_LANGUAGE_STANDARD = gnu11;
				GCC_DYNAMIC_NO_PIC = NO;
				GCC_NO_COMMON_BLOCKS = YES;
				GCC_OPTIMIZATION_LEVEL = 0;
				GCC_PREPROCESSOR_DEFINITIONS = (
					"DEBUG=1",
					"$(inherited)",
				);
				GCC_WARN_64_TO_32_BIT_CONVERSION = YES;
				GCC_WARN_ABOUT_RETURN_TYPE = YES_ERROR;
				GCC_WARN_UNDECLARED_SELECTOR = YES;
				GCC_WARN_UNINITIALIZED_AUTOS = YES_AGGRESSIVE;
				GCC_WARN_UNUSED_FUNCTION = YES;
				GCC_WARN_UNUSED_VARIABLE = YES;
				MACOSX_DEPLOYMENT_TARGET = 10.14;
				MTL_ENABLE_DEBUG_INFO = INCLUDE_SOURCE;
				MTL_FAST_MATH = YES;
				ONLY_ACTIVE_ARCH = YES;
				SDKROOT = macosx;
			};
			name = Debug;
		};
		3062A9D32290970A000B5807 /* Release */ = {
			isa = XCBuildConfiguration;
			buildSettings = {
				ALWAYS_SEARCH_USER_PATHS = NO;
				CLANG_ANALYZER_NONNULL = YES;
				CLANG_ANALYZER_NUMBER_OBJECT_CONVERSION = YES_AGGRESSIVE;
				CLANG_CXX_LANGUAGE_STANDARD = "gnu++14";
				CLANG_CXX_LIBRARY = "libc++";
				CLANG_ENABLE_MODULES = YES;
				CLANG_ENABLE_OBJC_ARC = YES;
				CLANG_ENABLE_OBJC_WEAK = YES;
				CLANG_WARN_BLOCK_CAPTURE_AUTORELEASING = YES;
				CLANG_WARN_BOOL_CONVERSION = YES;
				CLANG_WARN_COMMA = YES;
				CLANG_WARN_CONSTANT_CONVERSION = YES;
				CLANG_WARN_DEPRECATED_OBJC_IMPLEMENTATIONS = YES;
				CLANG_WARN_DIRECT_OBJC_ISA_USAGE = YES_ERROR;
				CLANG_WARN_DOCUMENTATION_COMMENTS = YES;
				CLANG_WARN_EMPTY_BODY = YES;
				CLANG_WARN_ENUM_CONVERSION = YES;
				CLANG_WARN_INFINITE_RECURSION = YES;
				CLANG_WARN_INT_CONVERSION = YES;
				CLANG_WARN_NON_LITERAL_NULL_CONVERSION = YES;
				CLANG_WARN_OBJC_IMPLICIT_RETAIN_SELF = YES;
				CLANG_WARN_OBJC_LITERAL_CONVERSION = YES;
				CLANG_WARN_OBJC_ROOT_CLASS = YES_ERROR;
				CLANG_WARN_RANGE_LOOP_ANALYSIS = YES;
				CLANG_WARN_STRICT_PROTOTYPES = YES;
				CLANG_WARN_SUSPICIOUS_MOVE = YES;
				CLANG_WARN_UNGUARDED_AVAILABILITY = YES_AGGRESSIVE;
				CLANG_WARN_UNREACHABLE_CODE = YES;
				CLANG_WARN__DUPLICATE_METHOD_MATCH = YES;
				CODE_SIGN_IDENTITY = "-";
				COPY_PHASE_STRIP = NO;
				DEBUG_INFORMATION_FORMAT = "dwarf-with-dsym";
				ENABLE_NS_ASSERTIONS = NO;
				ENABLE_STRICT_OBJC_MSGSEND = YES;
				GCC_C_LANGUAGE_STANDARD = gnu11;
				GCC_NO_COMMON_BLOCKS = YES;
				GCC_WARN_64_TO_32_BIT_CONVERSION = YES;
				GCC_WARN_ABOUT_RETURN_TYPE = YES_ERROR;
				GCC_WARN_UNDECLARED_SELECTOR = YES;
				GCC_WARN_UNINITIALIZED_AUTOS = YES_AGGRESSIVE;
				GCC_WARN_UNUSED_FUNCTION = YES;
				GCC_WARN_UNUSED_VARIABLE = YES;
				MACOSX_DEPLOYMENT_TARGET = 10.14;
				MTL_ENABLE_DEBUG_INFO = NO;
				MTL_FAST_MATH = YES;
				SDKROOT = macosx;
			};
			name = Release;
		};
		3062A9D52290970A000B5807 /* Debug */ = {
			isa = XCBuildConfiguration;
			buildSettings = {
				CODE_SIGN_STYLE = Automatic;
				PRODUCT_NAME = "$(TARGET_NAME)";
			};
			name = Debug;
		};
		3062A9D62290970A000B5807 /* Release */ = {
			isa = XCBuildConfiguration;
			buildSettings = {
				CODE_SIGN_STYLE = Automatic;
				PRODUCT_NAME = "$(TARGET_NAME)";
			};
			name = Release;
		};
/* End XCBuildConfiguration section */

/* Begin XCConfigurationList section */
		3062A9C82290970A000B5807 /* Build configuration list for PBXProject "University_Polishchenko" */ = {
			isa = XCConfigurationList;
			buildConfigurations = (
				3062A9D22290970A000B5807 /* Debug */,
				3062A9D32290970A000B5807 /* Release */,
			);
			defaultConfigurationIsVisible = 0;
			defaultConfigurationName = Release;
		};
		3062A9D42290970A000B5807 /* Build configuration list for PBXNativeTarget "University_Polishchenko" */ = {
			isa = XCConfigurationList;
			buildConfigurations = (
				3062A9D52290970A000B5807 /* Debug */,
				3062A9D62290970A000B5807 /* Release */,
			);
			defaultConfigurationIsVisible = 0;
			defaultConfigurationName = Release;
		};
/* End XCConfigurationList section */
	};
	rootObject = 3062A9C52290970A000B5807 /* Project object */;
}
